
Microsoft Visual Studio Solution File, Format Version 12.00
# Visual Studio Version 18
VisualStudioVersion = 18.6.11806.211 stable
MinimumVisualStudioVersion = 10.0.40219.1
Project("{FAE04EC0-301F-11D3-BF4B-00C04F79EFBC}") = "ManagementSystem.Web", "ManagementSystem.Web\ManagementSystem.Web.csproj", "{9A9F691D-2E75-4947-84AB-1FE272862226}"
EndProject
Project("{FAE04EC0-301F-11D3-BF4B-00C04F79EFBC}") = "ManagementSystem.Common", "ManagementSystem.Web.Common\ManagementSystem.Common.csproj", "{57B3AA0A-3383-4A20-84FE-2EBC59BC147F}"
EndProject
Project("{FAE04EC0-301F-11D3-BF4B-00C04F79EFBC}") = "ManagementSystem.Data", "ManagmentSystem.Data\ManagementSystem.Data.csproj", "{D760FE74-46A8-4433-8942-444D01B7FEFC}"
EndProject
Project("{FAE04EC0-301F-11D3-BF4B-00C04F79EFBC}") = "ManagementSystem.Application", "ManagementSystem.Application\ManagementSystem.Application.csproj", "{4B4F6BE8-93D5-4DFB-B2F0-772D3369D236}"
EndProject
Global
	GlobalSection(SolutionConfigurationPlatforms) = preSolution
		Debug|Any CPU = Debug|Any CPU
		Release|Any CPU = Release|Any CPU
	EndGlobalSection
	GlobalSection(ProjectConfigurationPlatforms) = postSolution
		{9A9F691D-2E75-4947-84AB-1FE272862226}.Debug|Any CPU.ActiveCfg = Debug|Any CPU
		{9A9F691D-2E75-4947-84AB-1FE272862226}.Debug|Any CPU.Build.0 = Debug|Any CPU
		{9A9F691D-2E75-4947-84AB-1FE272862226}.Release|Any CPU.ActiveCfg = Release|Any CPU
		{9A9F691D-2E75-4947-84AB-1FE272862226}.Release|Any CPU.Build.0 = Release|Any CPU
		{57B3AA0A-3383-4A20-84FE-2EBC59BC147F}.Debug|Any CPU.ActiveCfg = Debug|Any CPU
		{57B3AA0A-3383-4A20-84FE-2EBC59BC147F}.Debug|Any CPU.Build.0 = Debug|Any CPU
		{57B3AA0A-3383-4A20-84FE-2EBC59BC147F}.Release|Any CPU.ActiveCfg = Release|Any CPU
		{57B3AA0A-3383-4A20-84FE-2EBC59BC147F}.Release|Any CPU.Build.0 = Release|Any CPU
		{D760FE74-46A8-4433-8942-444D01B7FEFC}.Debug|Any CPU.ActiveCfg = Debug|Any CPU
		{D760FE74-46A8-4433-8942-444D01B7FEFC}.Debug|Any CPU.Build.0 = Debug|Any CPU
		{D760FE74-46A8-4433-8942-444D01B7FEFC}.Release|Any CPU.ActiveCfg = Release|Any CPU
		{D760FE74-46A8-4433-8942-444D01B7FEFC}.Release|Any CPU.Build.0 = Release|Any CPU
		{4B4F6BE8-93D5-4DFB-B2F0-772D3369D236}.Debug|Any CPU.ActiveCfg = Debug|Any CPU
		{4B4F6BE8-93D5-4DFB-B2F0-772D3369D236}.Debug|Any CPU.Build.0 = Debug|Any CPU
		{4B4F6BE8-93D5-4DFB-B2F0-772D3369D236}.Release|Any CPU.ActiveCfg = Release|Any CPU
		{4B4F6BE8-93D5-4DFB-B2F0-772D3369D236}.Release|Any CPU.Build.0 = Release|Any CPU
	EndGlobalSection
	GlobalSection(SolutionProperties) = preSolution
		HideSolutionNode = FALSE
	EndGlobalSection
	GlobalSection(ExtensibilityGlobals) = postSolution
		SolutionGuid = {12158A26-1A84-4C00-835E-AB98A61F8AA7}
	EndGlobalSection
EndGlobal
